{
  "pins" : [
    {
      "identity" : "lottie-spm",
      "kind" : "remoteSourceControl",
      "location" : "https://github.com/calda/lottie-spm.git",
      "state" : {
        "branch" : "main",
        "revision" : "7f7d78720ebe0f4d510dcd3902ec2e7162f6925f"
      }
    }
  ],
  "version" : 2
}
